<?xml version="1.0" encoding="utf-8"?>
<Project ToolsVersion="4.0" xmlns="http://schemas.microsoft.com/developer/msbuild/2003">
  <ItemGroup>
    <Filter Include="Quelldateien">
      <UniqueIdentifier>{4FC737F1-C7A5-4376-A066-2A32D752A2FF}</UniqueIdentifier>
      <Extensions>cpp;c;cc;cxx;c++;cppm;ixx;def;odl;idl;hpj;bat;asm;asmx</Extensions>
    </Filter>
    <Filter Include="Headerdateien">
      <UniqueIdentifier>{93995380-89BD-4b04-88EB-625FBE52EBFB}</UniqueIdentifier>
      <Extensions>h;hh;hpp;hxx;h++;hm;inl;inc;ipp;xsd</Extensions>
    </Filter>
    <Filter Include="Ressourcendateien">
      <UniqueIdentifier>{67DA6AB6-F800-4c08-8B7A-83BB121AAD01}</UniqueIdentifier>
      <Extensions>rc;ico;cur;bmp;dlg;rc2;rct;bin;rgs;gif;jpg;jpeg;jpe;resx;tiff;tif;png;wav;mfcribbon-ms</Extensions>
    </Filter>
    <Filter Include="Quelldateien\RinexReader">
      <UniqueIdentifier>{59e87aeb-452b-48e0-8143-80933bf25469}</UniqueIdentifier>
    </Filter>
    <Filter Include="Headerdateien\RinexReader">
      <UniqueIdentifier>{6e8d427d-d82d-4828-9937-93ae5e412140}</UniqueIdentifier>
    </Filter>
    <Filter Include="Headerdateien\RinexReader\RinexObservations">
      <UniqueIdentifier>{9ee174c2-0438-41ca-ac60-e749d48bf5f4}</UniqueIdentifier>
    </Filter>
    <Filter Include="Quelldateien\RinexReader\RinexObservations">
      <UniqueIdentifier>{f3229612-24fe-4c4d-a086-5330f5e65d9a}</UniqueIdentifier>
    </Filter>
  </ItemGroup>
  <ItemGroup>
    <ClCompile Include="OpenRTK.cpp">
      <Filter>Quelldateien</Filter>
    </ClCompile>
    <ClCompile Include="RinexTypes\Epoch\Epoch.cpp">
      <Filter>Quelldateien\RinexReader</Filter>
    </ClCompile>
    <ClCompile Include="RinexTypes\ObservationDefinition.cpp">
      <Filter>Quelldateien\RinexReader\RinexObservations</Filter>
    </ClCompile>
    <ClCompile Include="RinexNavParser\RinexNavParser.cpp">
      <Filter>Quelldateien</Filter>
    </ClCompile>
    <ClCompile Include="RinexObsParser\RinexObsParser.cpp">
      <Filter>Quelldateien</Filter>
    </ClCompile>
    <ClCompile Include="RinexTypes\Epoch\ObsEpoch.cpp">
      <Filter>Quelldateien</Filter>
    </ClCompile>
    <ClCompile Include="RinexTypes\Epoch\NavEpoch.cpp">
      <Filter>Quelldateien</Filter>
    </ClCompile>
    <ClCompile Include="NavData\GpsNavData.cpp">
      <Filter>Quelldateien</Filter>
    </ClCompile>
    <ClCompile Include="NavData\GlonasNavData.cpp">
      <Filter>Quelldateien</Filter>
    </ClCompile>
    <ClCompile Include="NavData\GalileoNavData.cpp">
      <Filter>Quelldateien</Filter>
    </ClCompile>
    <ClCompile Include="NavData\BeidouNavData.cpp">
      <Filter>Quelldateien</Filter>
    </ClCompile>
  </ItemGroup>
  <ItemGroup>
    <ClInclude Include="RinexTypes\Epoch\Epoch.hpp">
      <Filter>Headerdateien\RinexReader</Filter>
    </ClInclude>
    <ClInclude Include="Observations\RinexObservation.hpp">
      <Filter>Headerdateien\RinexReader\RinexObservations</Filter>
    </ClInclude>
    <ClInclude Include="RinexTypes\ObservationDefinition.hpp">
      <Filter>Headerdateien\RinexReader\RinexObservations</Filter>
    </ClInclude>
    <ClInclude Include="RinexTypes\SvSystem.hpp">
      <Filter>Headerdateien\RinexReader\RinexObservations</Filter>
    </ClInclude>
    <ClInclude Include="RinexTypes\ObservationType.hpp">
      <Filter>Headerdateien\RinexReader\RinexObservations</Filter>
    </ClInclude>
    <ClInclude Include="RinexTypes\ObservationBand.hpp">
      <Filter>Headerdateien\RinexReader\RinexObservations</Filter>
    </ClInclude>
    <ClInclude Include="RinexTypes\ObservationAttribute.hpp">
      <Filter>Headerdateien\RinexReader\RinexObservations</Filter>
    </ClInclude>
    <ClInclude Include="Observations\CodeObservation.hpp">
      <Filter>Headerdateien\RinexReader\RinexObservations</Filter>
    </ClInclude>
    <ClInclude Include="Observations\PhaseObservation.hpp">
      <Filter>Headerdateien</Filter>
    </ClInclude>
    <ClInclude Include="Observations\DopplerObservation.hpp">
      <Filter>Headerdateien</Filter>
    </ClInclude>
    <ClInclude Include="Utils\strim.hpp">
      <Filter>Headerdateien</Filter>
    </ClInclude>
    <ClInclude Include="Transformations\ECEF_Position.hpp">
      <Filter>Headerdateien</Filter>
    </ClInclude>
    <ClInclude Include="Transformations\Position.hpp">
      <Filter>Headerdateien</Filter>
    </ClInclude>
    <ClInclude Include="Observations\SignalStrengthObservation.hpp">
      <Filter>Headerdateien</Filter>
    </ClInclude>
    <ClInclude Include="RinexNavParser\RinexNavParser.hpp">
      <Filter>Headerdateien</Filter>
    </ClInclude>
    <ClInclude Include="RinexObsParser\RinexReaderState.hpp">
      <Filter>Headerdateien</Filter>
    </ClInclude>
    <ClInclude Include="RinexObsParser\RinexObsParser.hpp">
      <Filter>Headerdateien</Filter>
    </ClInclude>
    <ClInclude Include="RinexTypes\IonosphericCorrectionParameter.hpp">
      <Filter>Headerdateien</Filter>
    </ClInclude>
    <ClInclude Include="RinexTypes\IonosphericCorrection.hpp">
      <Filter>Headerdateien</Filter>
    </ClInclude>
    <ClInclude Include="RinexTypes\TimeDifferenceType.hpp">
      <Filter>Headerdateien</Filter>
    </ClInclude>
    <ClInclude Include="RinexTypes\TimeSystemCorrection.hpp">
      <Filter>Headerdateien</Filter>
    </ClInclude>
    <ClInclude Include="RinexTypes\Epoch\ObsEpoch.hpp">
      <Filter>Headerdateien</Filter>
    </ClInclude>
    <ClInclude Include="RinexTypes\Epoch\NavEpoch.hpp">
      <Filter>Headerdateien</Filter>
    </ClInclude>
    <ClInclude Include="RinexTypes\Satellite.hpp">
      <Filter>Headerdateien</Filter>
    </ClInclude>
    <ClInclude Include="RinexNavParser\NavEpochParsingState.hpp">
      <Filter>Headerdateien</Filter>
    </ClInclude>
    <ClInclude Include="Utils\astring.hpp">
      <Filter>Headerdateien</Filter>
    </ClInclude>
    <ClInclude Include="NavData\NavData.hpp">
      <Filter>Headerdateien</Filter>
    </ClInclude>
    <ClInclude Include="NavData\GpsNavData.hpp">
      <Filter>Headerdateien</Filter>
    </ClInclude>
    <ClInclude Include="NavData\GlonasNavData.hpp">
      <Filter>Headerdateien</Filter>
    </ClInclude>
    <ClInclude Include="NavData\GalileoNavData.hpp">
      <Filter>Headerdateien</Filter>
    </ClInclude>
    <ClInclude Include="NavData\BeidouNavData.hpp">
      <Filter>Headerdateien</Filter>
    </ClInclude>
  </ItemGroup>
</Project>