<?xml version="1.0" encoding="utf-8"?>
<Project ToolsVersion="4.0" xmlns="http://schemas.microsoft.com/developer/msbuild/2003">
  <ItemGroup>
    <Filter Include="Quelldateien">
      <UniqueIdentifier>{4FC737F1-C7A5-4376-A066-2A32D752A2FF}</UniqueIdentifier>
      <Extensions>cpp;c;cc;cxx;c++;cppm;ixx;def;odl;idl;hpj;bat;asm;asmx</Extensions>
    </Filter>
    <Filter Include="Headerdateien">
      <UniqueIdentifier>{93995380-89BD-4b04-88EB-625FBE52EBFB}</UniqueIdentifier>
      <Extensions>h;hh;hpp;hxx;h++;hm;inl;inc;ipp;xsd</Extensions>
    </Filter>
    <Filter Include="Ressourcendateien">
      <UniqueIdentifier>{67DA6AB6-F800-4c08-8B7A-83BB121AAD01}</UniqueIdentifier>
      <Extensions>rc;ico;cur;bmp;dlg;rc2;rct;bin;rgs;gif;jpg;jpeg;jpe;resx;tiff;tif;png;wav;mfcribbon-ms</Extensions>
    </Filter>
    <Filter Include="Quelldateien\RinexReader">
      <UniqueIdentifier>{59e87aeb-452b-48e0-8143-80933bf25469}</UniqueIdentifier>
    </Filter>
    <Filter Include="Headerdateien\RinexReader">
      <UniqueIdentifier>{6e8d427d-d82d-4828-9937-93ae5e412140}</UniqueIdentifier>
    </Filter>
    <Filter Include="Headerdateien\RinexReader\RinexObservations">
      <UniqueIdentifier>{9ee174c2-0438-41ca-ac60-e749d48bf5f4}</UniqueIdentifier>
    </Filter>
    <Filter Include="Quelldateien\RinexReader\RinexObservations">
      <UniqueIdentifier>{f3229612-24fe-4c4d-a086-5330f5e65d9a}</UniqueIdentifier>
    </Filter>
  </ItemGroup>
  <ItemGroup>
    <ClCompile Include="OpenRTK.cpp">
      <Filter>Quelldateien</Filter>
    </ClCompile>
    <ClCompile Include="RinexParser\RinexTypes\Epoch\Epoch.cpp">
      <Filter>Quelldateien\RinexReader</Filter>
    </ClCompile>
    <ClCompile Include="RinexParser\RinexNavParser\RinexNavParser.cpp">
      <Filter>Quelldateien</Filter>
    </ClCompile>
    <ClCompile Include="RinexParser\RinexObsParser\RinexObsParser.cpp">
      <Filter>Quelldateien</Filter>
    </ClCompile>
    <ClCompile Include="RinexParser\NavData\Gps\GpsNavData.cpp">
      <Filter>Quelldateien</Filter>
    </ClCompile>
    <ClCompile Include="RinexParser\NavData\Galileo\GalileoNavData.cpp">
      <Filter>Quelldateien</Filter>
    </ClCompile>
    <ClCompile Include="RinexParser\RinexParser.cpp">
      <Filter>Quelldateien</Filter>
    </ClCompile>
    <ClCompile Include="RinexParser\RinexTypes\Satellite.cpp">
      <Filter>Quelldateien</Filter>
    </ClCompile>
    <ClCompile Include="RinexParser\NavData\NavData.cpp">
      <Filter>Quelldateien</Filter>
    </ClCompile>
    <ClCompile Include="PrecisePositioning\Ephemeris\GalileoEphemeris.cpp">
      <Filter>Quelldateien</Filter>
    </ClCompile>
    <ClCompile Include="PrecisePositioning\PPP.cpp">
      <Filter>Quelldateien</Filter>
    </ClCompile>
    <ClCompile Include="RinexParser\ObsData\ObsData.cpp">
      <Filter>Quelldateien</Filter>
    </ClCompile>
    <ClCompile Include="RinexParser\AbstractRinexParser.cpp">
      <Filter>Quelldateien</Filter>
    </ClCompile>
    <ClCompile Include="Export\CsvExport.cpp">
      <Filter>Quelldateien</Filter>
    </ClCompile>
    <ClCompile Include="Transformations\Transformation.cpp">
      <Filter>Quelldateien</Filter>
    </ClCompile>
    <ClCompile Include="PrecisePositioning\Ephemeris\Ephemeris.cpp">
      <Filter>Quelldateien</Filter>
    </ClCompile>
    <ClCompile Include="PrecisePositioning\Ephemeris\KeplerOrbit.cpp">
      <Filter>Quelldateien</Filter>
    </ClCompile>
    <ClCompile Include="PrecisePositioning\Ephemeris\GpsEphemeris.cpp">
      <Filter>Quelldateien</Filter>
    </ClCompile>
  </ItemGroup>
  <ItemGroup>
    <ClInclude Include="RinexParser\RinexTypes\Epoch\Epoch.hpp">
      <Filter>Headerdateien\RinexReader</Filter>
    </ClInclude>
    <ClInclude Include="RinexParser\RinexTypes\ObservationDefinition.hpp">
      <Filter>Headerdateien\RinexReader\RinexObservations</Filter>
    </ClInclude>
    <ClInclude Include="RinexParser\RinexTypes\SvSystem.hpp">
      <Filter>Headerdateien\RinexReader\RinexObservations</Filter>
    </ClInclude>
    <ClInclude Include="RinexParser\RinexTypes\ObservationType.hpp">
      <Filter>Headerdateien\RinexReader\RinexObservations</Filter>
    </ClInclude>
    <ClInclude Include="RinexParser\RinexTypes\ObservationBand.hpp">
      <Filter>Headerdateien\RinexReader\RinexObservations</Filter>
    </ClInclude>
    <ClInclude Include="RinexParser\RinexTypes\ObservationAttribute.hpp">
      <Filter>Headerdateien\RinexReader\RinexObservations</Filter>
    </ClInclude>
    <ClInclude Include="RinexParser\Observations\CodeObservation.hpp">
      <Filter>Headerdateien\RinexReader\RinexObservations</Filter>
    </ClInclude>
    <ClInclude Include="RinexParser\Observations\PhaseObservation.hpp">
      <Filter>Headerdateien</Filter>
    </ClInclude>
    <ClInclude Include="RinexParser\Observations\DopplerObservation.hpp">
      <Filter>Headerdateien</Filter>
    </ClInclude>
    <ClInclude Include="Utils\strim.hpp">
      <Filter>Headerdateien</Filter>
    </ClInclude>
    <ClInclude Include="Transformations\ECEF_Position.hpp">
      <Filter>Headerdateien</Filter>
    </ClInclude>
    <ClInclude Include="Transformations\Position.hpp">
      <Filter>Headerdateien</Filter>
    </ClInclude>
    <ClInclude Include="RinexParser\Observations\SignalStrengthObservation.hpp">
      <Filter>Headerdateien</Filter>
    </ClInclude>
    <ClInclude Include="RinexParser\RinexNavParser\RinexNavParser.hpp">
      <Filter>Headerdateien</Filter>
    </ClInclude>
    <ClInclude Include="RinexParser\RinexObsParser\RinexReaderState.hpp">
      <Filter>Headerdateien</Filter>
    </ClInclude>
    <ClInclude Include="RinexParser\RinexObsParser\RinexObsParser.hpp">
      <Filter>Headerdateien</Filter>
    </ClInclude>
    <ClInclude Include="RinexParser\RinexTypes\IonosphericCorrectionParameter.hpp">
      <Filter>Headerdateien</Filter>
    </ClInclude>
    <ClInclude Include="RinexParser\RinexTypes\IonosphericCorrection.hpp">
      <Filter>Headerdateien</Filter>
    </ClInclude>
    <ClInclude Include="RinexParser\RinexTypes\TimeDifferenceType.hpp">
      <Filter>Headerdateien</Filter>
    </ClInclude>
    <ClInclude Include="RinexParser\RinexTypes\TimeSystemCorrection.hpp">
      <Filter>Headerdateien</Filter>
    </ClInclude>
    <ClInclude Include="RinexParser\RinexTypes\Satellite.hpp">
      <Filter>Headerdateien</Filter>
    </ClInclude>
    <ClInclude Include="RinexParser\RinexNavParser\NavEpochParsingState.hpp">
      <Filter>Headerdateien</Filter>
    </ClInclude>
    <ClInclude Include="Utils\astring.hpp">
      <Filter>Headerdateien</Filter>
    </ClInclude>
    <ClInclude Include="RinexParser\NavData\NavData.hpp">
      <Filter>Headerdateien</Filter>
    </ClInclude>
    <ClInclude Include="RinexParser\NavData\Gps\GpsNavData.hpp">
      <Filter>Headerdateien</Filter>
    </ClInclude>
    <ClInclude Include="RinexParser\NavData\Galileo\GalileoNavData.hpp">
      <Filter>Headerdateien</Filter>
    </ClInclude>
    <ClInclude Include="RinexParser\RinexParser.hpp">
      <Filter>Headerdateien</Filter>
    </ClInclude>
    <ClInclude Include="PrecisePositioning\Ephemeris\Ephemeris.hpp">
      <Filter>Headerdateien</Filter>
    </ClInclude>
    <ClInclude Include="Transformations\Kepler.hpp">
      <Filter>Headerdateien</Filter>
    </ClInclude>
    <ClInclude Include="Transformations\Transformation.hpp">
      <Filter>Headerdateien</Filter>
    </ClInclude>
    <ClInclude Include="RinexParser\NavData\ENavOrbitNumber.hpp">
      <Filter>Headerdateien</Filter>
    </ClInclude>
    <ClInclude Include="PrecisePositioning\Ephemeris\GalileoEphemeris.hpp">
      <Filter>Headerdateien</Filter>
    </ClInclude>
    <ClInclude Include="Transformations\Constants.hpp">
      <Filter>Headerdateien</Filter>
    </ClInclude>
    <ClInclude Include="PrecisePositioning\PPP.hpp">
      <Filter>Headerdateien</Filter>
    </ClInclude>
    <ClInclude Include="RinexParser\ObsData\ObsData.hpp">
      <Filter>Headerdateien</Filter>
    </ClInclude>
    <ClInclude Include="RinexParser\AbstractRinexParser.hpp">
      <Filter>Headerdateien</Filter>
    </ClInclude>
    <ClInclude Include="Export\CsvExport.hpp">
      <Filter>Headerdateien</Filter>
    </ClInclude>
    <ClInclude Include="Utils\time.hpp">
      <Filter>Headerdateien</Filter>
    </ClInclude>
    <ClInclude Include="RinexParser\NavData\Galileo\GalileoSvHealth.hpp">
      <Filter>Headerdateien</Filter>
    </ClInclude>
    <ClInclude Include="PrecisePositioning\Ephemeris\KeplerOrbit.hpp">
      <Filter>Headerdateien</Filter>
    </ClInclude>
    <ClInclude Include="PrecisePositioning\Ephemeris\GpsEphemeris.hpp">
      <Filter>Headerdateien</Filter>
    </ClInclude>
    <ClInclude Include="RinexParser\NavData\Gps\GpsSvHealth.hpp">
      <Filter>Headerdateien</Filter>
    </ClInclude>
    <ClInclude Include="RinexParser\NavData\SvHealth.hpp">
      <Filter>Headerdateien</Filter>
    </ClInclude>
  </ItemGroup>
  <ItemGroup>
    <None Include="packages.config" />
  </ItemGroup>
</Project>